
Microsoft Visual Studio Solution File, Format Version 12.00
# Visual Studio Version 16
VisualStudioVersion = 16.0.30330.147
MinimumVisualStudioVersion = 10.0.40219.1
Project("{FAE04EC0-301F-11D3-BF4B-00C04F79EFBC}") = "ArmaMusicConfigWriter", "ArmaMusicConfigWriter\ArmaMusicConfigWriter.csproj", "{A9C61597-0F64-4982-A2C0-E4F6AED24FF8}"
EndProject
Global
	GlobalSection(SolutionConfigurationPlatforms) = preSolution
		Debug|Any CPU = Debug|Any CPU
		Release|Any CPU = Release|Any CPU
	EndGlobalSection
	GlobalSection(ProjectConfigurationPlatforms) = postSolution
		{A9C61597-0F64-4982-A2C0-E4F6AED24FF8}.Debug|Any CPU.ActiveCfg = Debug|Any CPU
		{A9C61597-0F64-4982-A2C0-E4F6AED24FF8}.Debug|Any CPU.Build.0 = Debug|Any CPU
		{A9C61597-0F64-4982-A2C0-E4F6AED24FF8}.Release|Any CPU.ActiveCfg = Release|Any CPU
		{A9C61597-0F64-4982-A2C0-E4F6AED24FF8}.Release|Any CPU.Build.0 = Release|Any CPU
	EndGlobalSection
	GlobalSection(SolutionProperties) = preSolution
		HideSolutionNode = FALSE
	EndGlobalSection
	GlobalSection(ExtensibilityGlobals) = postSolution
		SolutionGuid = {69234B46-88C4-4EA7-916E-6F1F579BEEA7}
	EndGlobalSection
EndGlobal
